// !$*UTF8*$!
{
	archiveVersion = 1;
	classes = {
	};
	objectVersion = 46;
	objects = {

/* Begin PBXBuildFile section */
		7116A6791CAC76970085017B /* AppDelegate.swift in Sources */ = {isa = PBXBuildFile; fileRef = 7116A6781CAC76970085017B /* AppDelegate.swift */; };
		7116A67B1CAC76970085017B /* ViewController.swift in Sources */ = {isa = PBXBuildFile; fileRef = 7116A67A1CAC76970085017B /* ViewController.swift */; };
		7116A67E1CAC76970085017B /* Main.storyboard in Resources */ = {isa = PBXBuildFile; fileRef = 7116A67C1CAC76970085017B /* Main.storyboard */; };
		7116A6801CAC76970085017B /* Assets.xcassets in Resources */ = {isa = PBXBuildFile; fileRef = 7116A67F1CAC76970085017B /* Assets.xcassets */; };
		7116A6831CAC76970085017B /* LaunchScreen.storyboard in Resources */ = {isa = PBXBuildFile; fileRef = 7116A6811CAC76970085017B /* LaunchScreen.storyboard */; };
		7116A68E1CAC76970085017B /* project1Tests.swift in Sources */ = {isa = PBXBuildFile; fileRef = 7116A68D1CAC76970085017B /* project1Tests.swift */; };
		7116A6991CAC76970085017B /* project1UITests.swift in Sources */ = {isa = PBXBuildFile; fileRef = 7116A6981CAC76970085017B /* project1UITests.swift */; };
/* End PBXBuildFile section */

/* Begin PBXContainerItemProxy section */
		7116A68A1CAC76970085017B /* PBXContainerItemProxy */ = {
			isa = PBXContainerItemProxy;
			containerPortal = 7116A66D1CAC76970085017B /* Project object */;
			proxyType = 1;
			remoteGlobalIDString = 7116A6741CAC76970085017B;
			remoteInfo = project1;
		};
		7116A6951CAC76970085017B /* PBXContainerItemProxy */ = {
			isa = PBXContainerItemProxy;
			containerPortal = 7116A66D1CAC76970085017B /* Project object */;
			proxyType = 1;
			remoteGlobalIDString = 7116A6741CAC76970085017B;
			remoteInfo = project1;
		};
/* End PBXContainerItemProxy section */

/* Begin PBXFileReference section */
		7116A6751CAC76970085017B /* project1.app */ = {isa = PBXFileReference; explicitFileType = wrapper.application; includeInIndex = 0; path = project1.app; sourceTree = BUILT_PRODUCTS_DIR; };
		7116A6781CAC76970085017B /* AppDelegate.swift */ = {isa = PBXFileReference; lastKnownFileType = sourcecode.swift; path = AppDelegate.swift; sourceTree = "<group>"; };
		7116A67A1CAC76970085017B /* ViewController.swift */ = {isa = PBXFileReference; lastKnownFileType = sourcecode.swift; path = ViewController.swift; sourceTree = "<group>"; };
		7116A67D1CAC76970085017B /* Base */ = {isa = PBXFileReference; lastKnownFileType = file.storyboard; name = Base; path = Base.lproj/Main.storyboard; sourceTree = "<group>"; };
		7116A67F1CAC76970085017B /* Assets.xcassets */ = {isa = PBXFileReference; lastKnownFileType = folder.assetcatalog; path = Assets.xcassets; sourceTree = "<group>"; };
		7116A6821CAC76970085017B /* Base */ = {isa = PBXFileReference; lastKnownFileType = file.storyboard; name = Base; path = Base.lproj/LaunchScreen.storyboard; sourceTree = "<group>"; };
		7116A6841CAC76970085017B /* Info.plist */ = {isa = PBXFileReference; lastKnownFileType = text.plist.xml; path = Info.plist; sourceTree = "<group>"; };
		7116A6891CAC76970085017B /* project1Tests.xctest */ = {isa = PBXFileReference; explicitFileType = wrapper.cfbundle; includeInIndex = 0; path = project1Tests.xctest; sourceTree = BUILT_PRODUCTS_DIR; };
		7116A68D1CAC76970085017B /* project1Tests.swift */ = {isa = PBXFileReference; lastKnownFileType = sourcecode.swift; path = project1Tests.swift; sourceTree = "<group>"; };
		7116A68F1CAC76970085017B /* Info.plist */ = {isa = PBXFileReference; lastKnownFileType = text.plist.xml; path = Info.plist; sourceTree = "<group>"; };
		7116A6941CAC76970085017B /* project1UITests.xctest */ = {isa = PBXFileReference; explicitFileType = wrapper.cfbundle; includeInIndex = 0; path = project1UITests.xctest; sourceTree = BUILT_PRODUCTS_DIR; };
		7116A6981CAC76970085017B /* project1UITests.swift */ = {isa = PBXFileReference; lastKnownFileType = sourcecode.swift; path = project1UITests.swift; sourceTree = "<group>"; };
		7116A69A1CAC76970085017B /* Info.plist */ = {isa = PBXFileReference; lastKnownFileType = text.plist.xml; path = Info.plist; sourceTree = "<group>"; };
/* End PBXFileReference section */

/* Begin PBXFrameworksBuildPhase section */
		7116A6721CAC76970085017B /* Frameworks */ = {
			isa = PBXFrameworksBuildPhase;
			buildActionMask = 2147483647;
			files = (
			);
			runOnlyForDeploymentPostprocessing = 0;
		};
		7116A6861CAC76970085017B /* Frameworks */ = {
			isa = PBXFrameworksBuildPhase;
			buildActionMask = 2147483647;
			files = (
			);
			runOnlyForDeploymentPostprocessing = 0;
		};
		7116A6911CAC76970085017B /* Frameworks */ = {
			isa = PBXFrameworksBuildPhase;
			buildActionMask = 2147483647;
			files = (
			);
			runOnlyForDeploymentPostprocessing = 0;
		};
/* End PBXFrameworksBuildPhase section */

/* Begin PBXGroup section */
		7116A66C1CAC76970085017B = {
			isa = PBXGroup;
			children = (
				7116A6771CAC76970085017B /* project1 */,
				7116A68C1CAC76970085017B /* project1Tests */,
				7116A6971CAC76970085017B /* project1UITests */,
				7116A6761CAC76970085017B /* Products */,
			);
			sourceTree = "<group>";
		};
		7116A6761CAC76970085017B /* Products */ = {
			isa = PBXGroup;
			children = (
				7116A6751CAC76970085017B /* project1.app */,
				7116A6891CAC76970085017B /* project1Tests.xctest */,
				7116A6941CAC76970085017B /* project1UITests.xctest */,
			);
			name = Products;
			sourceTree = "<group>";
		};
		7116A6771CAC76970085017B /* project1 */ = {
			isa = PBXGroup;
			children = (
				7116A6781CAC76970085017B /* AppDelegate.swift */,
				7116A67A1CAC76970085017B /* ViewController.swift */,
				7116A67C1CAC76970085017B /* Main.storyboard */,
				7116A67F1CAC76970085017B /* Assets.xcassets */,
				7116A6811CAC76970085017B /* LaunchScreen.storyboard */,
				7116A6841CAC76970085017B /* Info.plist */,
			);
			path = project1;
			sourceTree = "<group>";
		};
		7116A68C1CAC76970085017B /* project1Tests */ = {
			isa = PBXGroup;
			children = (
				7116A68D1CAC76970085017B /* project1Tests.swift */,
				7116A68F1CAC76970085017B /* Info.plist */,
			);
			path = project1Tests;
			sourceTree = "<group>";
		};
		7116A6971CAC76970085017B /* project1UITests */ = {
			isa = PBXGroup;
			children = (
				7116A6981CAC76970085017B /* project1UITests.swift */,
				7116A69A1CAC76970085017B /* Info.plist */,
			);
			path = project1UITests;
			sourceTree = "<group>";
		};
/* End PBXGroup section */

/* Begin PBXNativeTarget section */
		7116A6741CAC76970085017B /* project1 */ = {
			isa = PBXNativeTarget;
			buildConfigurationList = 7116A69D1CAC76970085017B /* Build configuration list for PBXNativeTarget "project1" */;
			buildPhases = (
				7116A6711CAC76970085017B /* Sources */,
				7116A6721CAC76970085017B /* Frameworks */,
				7116A6731CAC76970085017B /* Resources */,
			);
			buildRules = (
			);
			dependencies = (
			);
			name = project1;
			productName = project1;
			productReference = 7116A6751CAC76970085017B /* project1.app */;
			productType = "com.apple.product-type.application";
		};
		7116A6881CAC76970085017B /* project1Tests */ = {
			isa = PBXNativeTarget;
			buildConfigurationList = 7116A6A01CAC76970085017B /* Build configuration list for PBXNativeTarget "project1Tests" */;
			buildPhases = (
				7116A6851CAC76970085017B /* Sources */,
				7116A6861CAC76970085017B /* Frameworks */,
				7116A6871CAC76970085017B /* Resources */,
			);
			buildRules = (
			);
			dependencies = (
				7116A68B1CAC76970085017B /* PBXTargetDependency */,
			);
			name = project1Tests;
			productName = project1Tests;
			productReference = 7116A6891CAC76970085017B /* project1Tests.xctest */;
			productType = "com.apple.product-type.bundle.unit-test";
		};
		7116A6931CAC76970085017B /* project1UITests */ = {
			isa = PBXNativeTarget;
			buildConfigurationList = 7116A6A31CAC76970085017B /* Build configuration list for PBXNativeTarget "project1UITests" */;
			buildPhases = (
				7116A6901CAC76970085017B /* Sources */,
				7116A6911CAC76970085017B /* Frameworks */,
				7116A6921CAC76970085017B /* Resources */,
			);
			buildRules = (
			);
			dependencies = (
				7116A6961CAC76970085017B /* PBXTargetDependency */,
			);
			name = project1UITests;
			productName = project1UITests;
			productReference = 7116A6941CAC76970085017B /* project1UITests.xctest */;
			productType = "com.apple.product-type.bundle.ui-testing";
		};
/* End PBXNativeTarget section */

/* Begin PBXProject section */
		7116A66D1CAC76970085017B /* Project object */ = {
			isa = PBXProject;
			attributes = {
				LastSwiftUpdateCheck = 0730;
				LastUpgradeCheck = 0730;
				ORGANIZATIONNAME = "Mahmut Erkul";
				TargetAttributes = {
					7116A6741CAC76970085017B = {
						CreatedOnToolsVersion = 7.3;
					};
					7116A6881CAC76970085017B = {
						CreatedOnToolsVersion = 7.3;
						TestTargetID = 7116A6741CAC76970085017B;
					};
					7116A6931CAC76970085017B = {
						CreatedOnToolsVersion = 7.3;
						TestTargetID = 7116A6741CAC76970085017B;
					};
				};
			};
			buildConfigurationList = 7116A6701CAC76970085017B /* Build configuration list for PBXProject "project1" */;
			compatibilityVersion = "Xcode 3.2";
			developmentRegion = English;
			hasScannedForEncodings = 0;
			knownRegions = (
				en,
				Base,
			);
			mainGroup = 7116A66C1CAC76970085017B;
			productRefGroup = 7116A6761CAC76970085017B /* Products */;
			projectDirPath = "";
			projectRoot = "";
			targets = (
				7116A6741CAC76970085017B /* project1 */,
				7116A6881CAC76970085017B /* project1Tests */,
				7116A6931CAC76970085017B /* project1UITests */,
			);
		};
/* End PBXProject section */

/* Begin PBXResourcesBuildPhase section */
		7116A6731CAC76970085017B /* Resources */ = {
			isa = PBXResourcesBuildPhase;
			buildActionMask = 2147483647;
			files = (
				7116A6831CAC76970085017B /* LaunchScreen.storyboard in Resources */,
				7116A6801CAC76970085017B /* Assets.xcassets in Resources */,
				7116A67E1CAC76970085017B /* Main.storyboard in Resources */,
			);
			runOnlyForDeploymentPostprocessing = 0;
		};
		7116A6871CAC76970085017B /* Resources */ = {
			isa = PBXResourcesBuildPhase;
			buildActionMask = 2147483647;
			files = (
			);
			runOnlyForDeploymentPostprocessing = 0;
		};
		7116A6921CAC76970085017B /* Resources */ = {
			isa = PBXResourcesBuildPhase;
			buildActionMask = 2147483647;
			files = (
			);
			runOnlyForDeploymentPostprocessing = 0;
		};
/* End PBXResourcesBuildPhase section */

/* Begin PBXSourcesBuildPhase section */
		7116A6711CAC76970085017B /* Sources */ = {
			isa = PBXSourcesBuildPhase;
			buildActionMask = 2147483647;
			files = (
				7116A67B1CAC76970085017B /* ViewController.swift in Sources */,
				7116A6791CAC76970085017B /* AppDelegate.swift in Sources */,
			);
			runOnlyForDeploymentPostprocessing = 0;
		};
		7116A6851CAC76970085017B /* Sources */ = {
			isa = PBXSourcesBuildPhase;
			buildActionMask = 2147483647;
			files = (
				7116A68E1CAC76970085017B /* project1Tests.swift in Sources */,
			);
			runOnlyForDeploymentPostprocessing = 0;
		};
		7116A6901CAC76970085017B /* Sources */ = {
			isa = PBXSourcesBuildPhase;
			buildActionMask = 2147483647;
			files = (
				7116A6991CAC76970085017B /* project1UITests.swift in Sources */,
			);
			runOnlyForDeploymentPostprocessing = 0;
		};
/* End PBXSourcesBuildPhase section */

/* Begin PBXTargetDependency section */
		7116A68B1CAC76970085017B /* PBXTargetDependency */ = {
			isa = PBXTargetDependency;
			target = 7116A6741CAC76970085017B /* project1 */;
			targetProxy = 7116A68A1CAC76970085017B /* PBXContainerItemProxy */;
		};
		7116A6961CAC76970085017B /* PBXTargetDependency */ = {
			isa = PBXTargetDependency;
			target = 7116A6741CAC76970085017B /* project1 */;
			targetProxy = 7116A6951CAC76970085017B /* PBXContainerItemProxy */;
		};
/* End PBXTargetDependency section */

/* Begin PBXVariantGroup section */
		7116A67C1CAC76970085017B /* Main.storyboard */ = {
			isa = PBXVariantGroup;
			children = (
				7116A67D1CAC76970085017B /* Base */,
			);
			name = Main.storyboard;
			sourceTree = "<group>";
		};
		7116A6811CAC76970085017B /* LaunchScreen.storyboard */ = {
			isa = PBXVariantGroup;
			children = (
				7116A6821CAC76970085017B /* Base */,
			);
			name = LaunchScreen.storyboard;
			sourceTree = "<group>";
		};
/* End PBXVariantGroup section */

/* Begin XCBuildConfiguration section */
		7116A69B1CAC76970085017B /* Debug */ = {
			isa = XCBuildConfiguration;
			buildSettings = {
				ALWAYS_SEARCH_USER_PATHS = NO;
				CLANG_ANALYZER_NONNULL = YES;
				CLANG_CXX_LANGUAGE_STANDARD = "gnu++0x";
				CLANG_CXX_LIBRARY = "libc++";
				CLANG_ENABLE_MODULES = YES;
				CLANG_ENABLE_OBJC_ARC = YES;
				CLANG_WARN_BOOL_CONVERSION = YES;
				CLANG_WARN_CONSTANT_CONVERSION = YES;
				CLANG_WARN_DIRECT_OBJC_ISA_USAGE = YES_ERROR;
				CLANG_WARN_EMPTY_BODY = YES;
				CLANG_WARN_ENUM_CONVERSION = YES;
				CLANG_WARN_INT_CONVERSION = YES;
				CLANG_WARN_OBJC_ROOT_CLASS = YES_ERROR;
				CLANG_WARN_UNREACHABLE_CODE = YES;
				CLANG_WARN__DUPLICATE_METHOD_MATCH = YES;
				"CODE_SIGN_IDENTITY[sdk=iphoneos*]" = "iPhone Developer";
				COPY_PHASE_STRIP = NO;
				DEBUG_INFORMATION_FORMAT = dwarf;
				ENABLE_STRICT_OBJC_MSGSEND = YES;
				ENABLE_TESTABILITY = YES;
				GCC_C_LANGUAGE_STANDARD = gnu99;
				GCC_DYNAMIC_NO_PIC = NO;
				GCC_NO_COMMON_BLOCKS = YES;
				GCC_OPTIMIZATION_LEVEL = 0;
				GCC_PREPROCESSOR_DEFINITIONS = (
					"DEBUG=1",
					"$(inherited)",
				);
				GCC_WARN_64_TO_32_BIT_CONVERSION = YES;
				GCC_WARN_ABOUT_RETURN_TYPE = YES_ERROR;
				GCC_WARN_UNDECLARED_SELECTOR = YES;
				GCC_WARN_UNINITIALIZED_AUTOS = YES_AGGRESSIVE;
				GCC_WARN_UNUSED_FUNCTION = YES;
				GCC_WARN_UNUSED_VARIABLE = YES;
				IPHONEOS_DEPLOYMENT_TARGET = 9.3;
				MTL_ENABLE_DEBUG_INFO = YES;
				ONLY_ACTIVE_ARCH = YES;
				SDKROOT = iphoneos;
				SWIFT_OPTIMIZATION_LEVEL = "-Onone";
				TARGETED_DEVICE_FAMILY = "1,2";
			};
			name = Debug;
		};
		7116A69C1CAC76970085017B /* Release */ = {
			isa = XCBuildConfiguration;
			buildSettings = {
				ALWAYS_SEARCH_USER_PATHS = NO;
				CLANG_ANALYZER_NONNULL = YES;
				CLANG_CXX_LANGUAGE_STANDARD = "gnu++0x";
				CLANG_CXX_LIBRARY = "libc++";
				CLANG_ENABLE_MODULES = YES;
				CLANG_ENABLE_OBJC_ARC = YES;
				CLANG_WARN_BOOL_CONVERSION = YES;
				CLANG_WARN_CONSTANT_CONVERSION = YES;
				CLANG_WARN_DIRECT_OBJC_ISA_USAGE = YES_ERROR;
				CLANG_WARN_EMPTY_BODY = YES;
				CLANG_WARN_ENUM_CONVERSION = YES;
				CLANG_WARN_INT_CONVERSION = YES;
				CLANG_WARN_OBJC_ROOT_CLASS = YES_ERROR;
				CLANG_WARN_UNREACHABLE_CODE = YES;
				CLANG_WARN__DUPLICATE_METHOD_MATCH = YES;
				"CODE_SIGN_IDENTITY[sdk=iphoneos*]" = "iPhone Developer";
				COPY_PHASE_STRIP = NO;
				DEBUG_INFORMATION_FORMAT = "dwarf-with-dsym";
				ENABLE_NS_ASSERTIONS = NO;
				ENABLE_STRICT_OBJC_MSGSEND = YES;
				GCC_C_LANGUAGE_STANDARD = gnu99;
				GCC_NO_COMMON_BLOCKS = YES;
				GCC_WARN_64_TO_32_BIT_CONVERSION = YES;
				GCC_WARN_ABOUT_RETURN_TYPE = YES_ERROR;
				GCC_WARN_UNDECLARED_SELECTOR = YES;
				GCC_WARN_UNINITIALIZED_AUTOS = YES_AGGRESSIVE;
				GCC_WARN_UNUSED_FUNCTION = YES;
				GCC_WARN_UNUSED_VARIABLE = YES;
				IPHONEOS_DEPLOYMENT_TARGET = 9.3;
				MTL_ENABLE_DEBUG_INFO = NO;
				SDKROOT = iphoneos;
				TARGETED_DEVICE_FAMILY = "1,2";
				VALIDATE_PRODUCT = YES;
			};
			name = Release;
		};
		7116A69E1CAC76970085017B /* Debug */ = {
			isa = XCBuildConfiguration;
			buildSettings = {
				ASSETCATALOG_COMPILER_APPICON_NAME = AppIcon;
				INFOPLIST_FILE = project1/Info.plist;
				LD_RUNPATH_SEARCH_PATHS = "$(inherited) @executable_path/Frameworks";
				PRODUCT_BUNDLE_IDENTIFIER = com.ecorp.project1;
				PRODUCT_NAME = "$(TARGET_NAME)";
			};
			name = Debug;
		};
		7116A69F1CAC76970085017B /* Release */ = {
			isa = XCBuildConfiguration;
			buildSettings = {
				ASSETCATALOG_COMPILER_APPICON_NAME = AppIcon;
				INFOPLIST_FILE = project1/Info.plist;
				LD_RUNPATH_SEARCH_PATHS = "$(inherited) @executable_path/Frameworks";
				PRODUCT_BUNDLE_IDENTIFIER = com.ecorp.project1;
				PRODUCT_NAME = "$(TARGET_NAME)";
			};
			name = Release;
		};
		7116A6A11CAC76970085017B /* Debug */ = {
			isa = XCBuildConfiguration;
			buildSettings = {
				BUNDLE_LOADER = "$(TEST_HOST)";
				INFOPLIST_FILE = project1Tests/Info.plist;
				LD_RUNPATH_SEARCH_PATHS = "$(inherited) @executable_path/Frameworks @loader_path/Frameworks";
				PRODUCT_BUNDLE_IDENTIFIER = com.ecorp.project1Tests;
				PRODUCT_NAME = "$(TARGET_NAME)";
				TEST_HOST = "$(BUILT_PRODUCTS_DIR)/project1.app/project1";
			};
			name = Debug;
		};
		7116A6A21CAC76970085017B /* Release */ = {
			isa = XCBuildConfiguration;
			buildSettings = {
				BUNDLE_LOADER = "$(TEST_HOST)";
				INFOPLIST_FILE = project1Tests/Info.plist;
				LD_RUNPATH_SEARCH_PATHS = "$(inherited) @executable_path/Frameworks @loader_path/Frameworks";
				PRODUCT_BUNDLE_IDENTIFIER = com.ecorp.project1Tests;
				PRODUCT_NAME = "$(TARGET_NAME)";
				TEST_HOST = "$(BUILT_PRODUCTS_DIR)/project1.app/project1";
			};
			name = Release;
		};
		7116A6A41CAC76970085017B /* Debug */ = {
			isa = XCBuildConfiguration;
			buildSettings = {
				INFOPLIST_FILE = project1UITests/Info.plist;
				LD_RUNPATH_SEARCH_PATHS = "$(inherited) @executable_path/Frameworks @loader_path/Frameworks";
				PRODUCT_BUNDLE_IDENTIFIER = com.ecorp.project1UITests;
				PRODUCT_NAME = "$(TARGET_NAME)";
				TEST_TARGET_NAME = project1;
			};
			name = Debug;
		};
		7116A6A51CAC76970085017B /* Release */ = {
			isa = XCBuildConfiguration;
			buildSettings = {
				INFOPLIST_FILE = project1UITests/Info.plist;
				LD_RUNPATH_SEARCH_PATHS = "$(inherited) @executable_path/Frameworks @loader_path/Frameworks";
				PRODUCT_BUNDLE_IDENTIFIER = com.ecorp.project1UITests;
				PRODUCT_NAME = "$(TARGET_NAME)";
				TEST_TARGET_NAME = project1;
			};
			name = Release;
		};
/* End XCBuildConfiguration section */

/* Begin XCConfigurationList section */
		7116A6701CAC76970085017B /* Build configuration list for PBXProject "project1" */ = {
			isa = XCConfigurationList;
			buildConfigurations = (
				7116A69B1CAC76970085017B /* Debug */,
				7116A69C1CAC76970085017B /* Release */,
			);
			defaultConfigurationIsVisible = 0;
			defaultConfigurationName = Release;
		};
		7116A69D1CAC76970085017B /* Build configuration list for PBXNativeTarget "project1" */ = {
			isa = XCConfigurationList;
			buildConfigurations = (
				7116A69E1CAC76970085017B /* Debug */,
				7116A69F1CAC76970085017B /* Release */,
			);
			defaultConfigurationIsVisible = 0;
		};
		7116A6A01CAC76970085017B /* Build configuration list for PBXNativeTarget "project1Tests" */ = {
			isa = XCConfigurationList;
			buildConfigurations = (
				7116A6A11CAC76970085017B /* Debug */,
				7116A6A21CAC76970085017B /* Release */,
			);
			defaultConfigurationIsVisible = 0;
		};
		7116A6A31CAC76970085017B /* Build configuration list for PBXNativeTarget "project1UITests" */ = {
			isa = XCConfigurationList;
			buildConfigurations = (
				7116A6A41CAC76970085017B /* Debug */,
				7116A6A51CAC76970085017B /* Release */,
			);
			defaultConfigurationIsVisible = 0;
		};
/* End XCConfigurationList section */
	};
	rootObject = 7116A66D1CAC76970085017B /* Project object */;
}
